// !$*UTF8*$!
{
	archiveVersion = 1;
	classes = {
	};
	objectVersion = 77;
	objects = {

/* Begin PBXBuildFile section */
		3177CAA62CA1DFA2003869D9 /* CardView.swift in Sources */ = {isa = PBXBuildFile; fileRef = 3177CAA52CA1DFA2003869D9 /* CardView.swift */; };
		31A83B552CA16A9D00C924E0 /* Recents.swift in Sources */ = {isa = PBXBuildFile; fileRef = 31A83B542CA16A9D00C924E0 /* Recents.swift */; };
		31A83B572CA16AAD00C924E0 /* Search.swift in Sources */ = {isa = PBXBuildFile; fileRef = 31A83B562CA16AAD00C924E0 /* Search.swift */; };
		31A83B592CA16ABD00C924E0 /* Graphs.swift in Sources */ = {isa = PBXBuildFile; fileRef = 31A83B582CA16ABD00C924E0 /* Graphs.swift */; };
		31A83B5B2CA16ACC00C924E0 /* Settings.swift in Sources */ = {isa = PBXBuildFile; fileRef = 31A83B5A2CA16ACC00C924E0 /* Settings.swift */; };
		31A83B5D2CA16E3200C924E0 /* View+Extensions.swift in Sources */ = {isa = PBXBuildFile; fileRef = 31A83B5C2CA16E3200C924E0 /* View+Extensions.swift */; };
		31A83B5F2CA1DB8100C924E0 /* Date+Extensions.swift in Sources */ = {isa = PBXBuildFile; fileRef = 31A83B5E2CA1DB8100C924E0 /* Date+Extensions.swift */; };
		31AC0A0E2CA14B6D00165426 /* IntoScreen.swift in Sources */ = {isa = PBXBuildFile; fileRef = 31AC0A0D2CA14B6D00165426 /* IntoScreen.swift */; };
		31AC0A112CA14FC200165426 /* Constants.swift in Sources */ = {isa = PBXBuildFile; fileRef = 31AC0A102CA14FC200165426 /* Constants.swift */; };
		31AC0A132CA157A400165426 /* Tab.swift in Sources */ = {isa = PBXBuildFile; fileRef = 31AC0A122CA157A400165426 /* Tab.swift */; };
		31AC0A152CA1669C00165426 /* Category.swift in Sources */ = {isa = PBXBuildFile; fileRef = 31AC0A142CA1669C00165426 /* Category.swift */; };
		31AC0A172CA1672100165426 /* Transaction.swift in Sources */ = {isa = PBXBuildFile; fileRef = 31AC0A162CA1672100165426 /* Transaction.swift */; };
		31AC0A192CA167FA00165426 /* TintColor.swift in Sources */ = {isa = PBXBuildFile; fileRef = 31AC0A182CA167FA00165426 /* TintColor.swift */; };
		31CC7D802CB25BB1000C780A /* SwipeAction.swift in Sources */ = {isa = PBXBuildFile; fileRef = 31CC7D7F2CB25BB1000C780A /* SwipeAction.swift */; };
		31CC7D8D2CB26492000C780A /* DateFilterView.swift in Sources */ = {isa = PBXBuildFile; fileRef = 31CC7D8C2CB26492000C780A /* DateFilterView.swift */; };
		31FF2C942CAAF86D00E1F33F /* TransactionCardView.swift in Sources */ = {isa = PBXBuildFile; fileRef = 31FF2C932CAAF86D00E1F33F /* TransactionCardView.swift */; };
/* End PBXBuildFile section */

/* Begin PBXFileReference section */
		3177CAA52CA1DFA2003869D9 /* CardView.swift */ = {isa = PBXFileReference; lastKnownFileType = sourcecode.swift; path = CardView.swift; sourceTree = "<group>"; };
		31A83B542CA16A9D00C924E0 /* Recents.swift */ = {isa = PBXFileReference; lastKnownFileType = sourcecode.swift; path = Recents.swift; sourceTree = "<group>"; };
		31A83B562CA16AAD00C924E0 /* Search.swift */ = {isa = PBXFileReference; lastKnownFileType = sourcecode.swift; path = Search.swift; sourceTree = "<group>"; };
		31A83B582CA16ABD00C924E0 /* Graphs.swift */ = {isa = PBXFileReference; lastKnownFileType = sourcecode.swift; path = Graphs.swift; sourceTree = "<group>"; };
		31A83B5A2CA16ACC00C924E0 /* Settings.swift */ = {isa = PBXFileReference; lastKnownFileType = sourcecode.swift; path = Settings.swift; sourceTree = "<group>"; };
		31A83B5C2CA16E3200C924E0 /* View+Extensions.swift */ = {isa = PBXFileReference; lastKnownFileType = sourcecode.swift; path = "View+Extensions.swift"; sourceTree = "<group>"; };
		31A83B5E2CA1DB8100C924E0 /* Date+Extensions.swift */ = {isa = PBXFileReference; lastKnownFileType = sourcecode.swift; path = "Date+Extensions.swift"; sourceTree = "<group>"; };
		31AC09F92CA13C9700165426 /* ExpenseTracker.app */ = {isa = PBXFileReference; explicitFileType = wrapper.application; includeInIndex = 0; path = ExpenseTracker.app; sourceTree = BUILT_PRODUCTS_DIR; };
		31AC0A0D2CA14B6D00165426 /* IntoScreen.swift */ = {isa = PBXFileReference; lastKnownFileType = sourcecode.swift; path = IntoScreen.swift; sourceTree = "<group>"; };
		31AC0A102CA14FC200165426 /* Constants.swift */ = {isa = PBXFileReference; lastKnownFileType = sourcecode.swift; path = Constants.swift; sourceTree = "<group>"; };
		31AC0A122CA157A400165426 /* Tab.swift */ = {isa = PBXFileReference; lastKnownFileType = sourcecode.swift; path = Tab.swift; sourceTree = "<group>"; };
		31AC0A142CA1669C00165426 /* Category.swift */ = {isa = PBXFileReference; lastKnownFileType = sourcecode.swift; path = Category.swift; sourceTree = "<group>"; };
		31AC0A162CA1672100165426 /* Transaction.swift */ = {isa = PBXFileReference; lastKnownFileType = sourcecode.swift; path = Transaction.swift; sourceTree = "<group>"; };
		31AC0A182CA167FA00165426 /* TintColor.swift */ = {isa = PBXFileReference; lastKnownFileType = sourcecode.swift; path = TintColor.swift; sourceTree = "<group>"; };
		31CC7D7F2CB25BB1000C780A /* SwipeAction.swift */ = {isa = PBXFileReference; lastKnownFileType = sourcecode.swift; path = SwipeAction.swift; sourceTree = "<group>"; };
		31CC7D8C2CB26492000C780A /* DateFilterView.swift */ = {isa = PBXFileReference; lastKnownFileType = sourcecode.swift; path = DateFilterView.swift; sourceTree = "<group>"; };
		31FF2C932CAAF86D00E1F33F /* TransactionCardView.swift */ = {isa = PBXFileReference; lastKnownFileType = sourcecode.swift; path = TransactionCardView.swift; sourceTree = "<group>"; };
/* End PBXFileReference section */

/* Begin PBXFileSystemSynchronizedRootGroup section */
		31AC09FB2CA13C9700165426 /* ExpenseTracker */ = {
			isa = PBXFileSystemSynchronizedRootGroup;
			path = ExpenseTracker;
			sourceTree = "<group>";
		};
/* End PBXFileSystemSynchronizedRootGroup section */

/* Begin PBXFrameworksBuildPhase section */
		31AC09F62CA13C9600165426 /* Frameworks */ = {
			isa = PBXFrameworksBuildPhase;
			buildActionMask = 2147483647;
			files = (
			);
			runOnlyForDeploymentPostprocessing = 0;
		};
/* End PBXFrameworksBuildPhase section */

/* Begin PBXGroup section */
		3177CAA42CA1DF84003869D9 /* Helpers */ = {
			isa = PBXGroup;
			children = (
				31CC7D7F2CB25BB1000C780A /* SwipeAction.swift */,
				3177CAA52CA1DFA2003869D9 /* CardView.swift */,
				31FF2C932CAAF86D00E1F33F /* TransactionCardView.swift */,
				31CC7D8C2CB26492000C780A /* DateFilterView.swift */,
			);
			path = Helpers;
			sourceTree = "<group>";
		};
		31A83B532CA16A7800C924E0 /* TabViews */ = {
			isa = PBXGroup;
			children = (
				31A83B542CA16A9D00C924E0 /* Recents.swift */,
				31A83B562CA16AAD00C924E0 /* Search.swift */,
				31A83B582CA16ABD00C924E0 /* Graphs.swift */,
				31A83B5A2CA16ACC00C924E0 /* Settings.swift */,
			);
			path = TabViews;
			sourceTree = "<group>";
		};
		31AC09F02CA13C9600165426 = {
			isa = PBXGroup;
			children = (
				31AC0A0F2CA14FA700165426 /* Helpers */,
				31AC0A0B2CA14AED00165426 /* Model */,
				31AC0A0A2CA14ADB00165426 /* View */,
				31AC09FB2CA13C9700165426 /* ExpenseTracker */,
				31AC09FA2CA13C9700165426 /* Products */,
			);
			sourceTree = "<group>";
		};
		31AC09FA2CA13C9700165426 /* Products */ = {
			isa = PBXGroup;
			children = (
				31AC09F92CA13C9700165426 /* ExpenseTracker.app */,
			);
			name = Products;
			sourceTree = "<group>";
		};
		31AC0A0A2CA14ADB00165426 /* View */ = {
			isa = PBXGroup;
			children = (
				3177CAA42CA1DF84003869D9 /* Helpers */,
				31A83B532CA16A7800C924E0 /* TabViews */,
				31AC0A0D2CA14B6D00165426 /* IntoScreen.swift */,
			);
			path = View;
			sourceTree = "<group>";
		};
		31AC0A0B2CA14AED00165426 /* Model */ = {
			isa = PBXGroup;
			children = (
				31AC0A122CA157A400165426 /* Tab.swift */,
				31AC0A142CA1669C00165426 /* Category.swift */,
				31AC0A162CA1672100165426 /* Transaction.swift */,
				31AC0A182CA167FA00165426 /* TintColor.swift */,
			);
			path = Model;
			sourceTree = "<group>";
		};
		31AC0A0F2CA14FA700165426 /* Helpers */ = {
			isa = PBXGroup;
			children = (
				31AC0A102CA14FC200165426 /* Constants.swift */,
				31A83B5C2CA16E3200C924E0 /* View+Extensions.swift */,
				31A83B5E2CA1DB8100C924E0 /* Date+Extensions.swift */,
			);
			path = Helpers;
			sourceTree = "<group>";
		};
/* End PBXGroup section */

/* Begin PBXNativeTarget section */
		31AC09F82CA13C9600165426 /* ExpenseTracker */ = {
			isa = PBXNativeTarget;
			buildConfigurationList = 31AC0A072CA13C9800165426 /* Build configuration list for PBXNativeTarget "ExpenseTracker" */;
			buildPhases = (
				31AC09F52CA13C9600165426 /* Sources */,
				31AC09F62CA13C9600165426 /* Frameworks */,
				31AC09F72CA13C9600165426 /* Resources */,
			);
			buildRules = (
			);
			dependencies = (
			);
			fileSystemSynchronizedGroups = (
				31AC09FB2CA13C9700165426 /* ExpenseTracker */,
			);
			name = ExpenseTracker;
			packageProductDependencies = (
			);
			productName = ExpenseTracker;
			productReference = 31AC09F92CA13C9700165426 /* ExpenseTracker.app */;
			productType = "com.apple.product-type.application";
		};
/* End PBXNativeTarget section */

/* Begin PBXProject section */
		31AC09F12CA13C9600165426 /* Project object */ = {
			isa = PBXProject;
			attributes = {
				BuildIndependentTargetsInParallel = 1;
				LastSwiftUpdateCheck = 1600;
				LastUpgradeCheck = 1600;
				TargetAttributes = {
					31AC09F82CA13C9600165426 = {
						CreatedOnToolsVersion = 16.0;
					};
				};
			};
			buildConfigurationList = 31AC09F42CA13C9600165426 /* Build configuration list for PBXProject "ExpenseTracker" */;
			developmentRegion = en;
			hasScannedForEncodings = 0;
			knownRegions = (
				en,
				Base,
			);
			mainGroup = 31AC09F02CA13C9600165426;
			minimizedProjectReferenceProxies = 1;
			preferredProjectObjectVersion = 77;
			productRefGroup = 31AC09FA2CA13C9700165426 /* Products */;
			projectDirPath = "";
			projectRoot = "";
			targets = (
				31AC09F82CA13C9600165426 /* ExpenseTracker */,
			);
		};
/* End PBXProject section */

/* Begin PBXResourcesBuildPhase section */
		31AC09F72CA13C9600165426 /* Resources */ = {
			isa = PBXResourcesBuildPhase;
			buildActionMask = 2147483647;
			files = (
			);
			runOnlyForDeploymentPostprocessing = 0;
		};
/* End PBXResourcesBuildPhase section */

/* Begin PBXSourcesBuildPhase section */
		31AC09F52CA13C9600165426 /* Sources */ = {
			isa = PBXSourcesBuildPhase;
			buildActionMask = 2147483647;
			files = (
				31A83B552CA16A9D00C924E0 /* Recents.swift in Sources */,
				31AC0A192CA167FA00165426 /* TintColor.swift in Sources */,
				31CC7D8D2CB26492000C780A /* DateFilterView.swift in Sources */,
				3177CAA62CA1DFA2003869D9 /* CardView.swift in Sources */,
				31AC0A172CA1672100165426 /* Transaction.swift in Sources */,
				31AC0A0E2CA14B6D00165426 /* IntoScreen.swift in Sources */,
				31A83B5B2CA16ACC00C924E0 /* Settings.swift in Sources */,
				31AC0A132CA157A400165426 /* Tab.swift in Sources */,
				31A83B572CA16AAD00C924E0 /* Search.swift in Sources */,
				31A83B5F2CA1DB8100C924E0 /* Date+Extensions.swift in Sources */,
				31A83B5D2CA16E3200C924E0 /* View+Extensions.swift in Sources */,
				31AC0A112CA14FC200165426 /* Constants.swift in Sources */,
				31CC7D802CB25BB1000C780A /* SwipeAction.swift in Sources */,
				31A83B592CA16ABD00C924E0 /* Graphs.swift in Sources */,
				31AC0A152CA1669C00165426 /* Category.swift in Sources */,
				31FF2C942CAAF86D00E1F33F /* TransactionCardView.swift in Sources */,
			);
			runOnlyForDeploymentPostprocessing = 0;
		};
/* End PBXSourcesBuildPhase section */

/* Begin XCBuildConfiguration section */
		31AC0A052CA13C9800165426 /* Debug */ = {
			isa = XCBuildConfiguration;
			buildSettings = {
				ALWAYS_SEARCH_USER_PATHS = NO;
				ASSETCATALOG_COMPILER_GENERATE_SWIFT_ASSET_SYMBOL_EXTENSIONS = YES;
				CLANG_ANALYZER_NONNULL = YES;
				CLANG_ANALYZER_NUMBER_OBJECT_CONVERSION = YES_AGGRESSIVE;
				CLANG_CXX_LANGUAGE_STANDARD = "gnu++20";
				CLANG_ENABLE_MODULES = YES;
				CLANG_ENABLE_OBJC_ARC = YES;
				CLANG_ENABLE_OBJC_WEAK = YES;
				CLANG_WARN_BLOCK_CAPTURE_AUTORELEASING = YES;
				CLANG_WARN_BOOL_CONVERSION = YES;
				CLANG_WARN_COMMA = YES;
				CLANG_WARN_CONSTANT_CONVERSION = YES;
				CLANG_WARN_DEPRECATED_OBJC_IMPLEMENTATIONS = YES;
				CLANG_WARN_DIRECT_OBJC_ISA_USAGE = YES_ERROR;
				CLANG_WARN_DOCUMENTATION_COMMENTS = YES;
				CLANG_WARN_EMPTY_BODY = YES;
				CLANG_WARN_ENUM_CONVERSION = YES;
				CLANG_WARN_INFINITE_RECURSION = YES;
				CLANG_WARN_INT_CONVERSION = YES;
				CLANG_WARN_NON_LITERAL_NULL_CONVERSION = YES;
				CLANG_WARN_OBJC_IMPLICIT_RETAIN_SELF = YES;
				CLANG_WARN_OBJC_LITERAL_CONVERSION = YES;
				CLANG_WARN_OBJC_ROOT_CLASS = YES_ERROR;
				CLANG_WARN_QUOTED_INCLUDE_IN_FRAMEWORK_HEADER = YES;
				CLANG_WARN_RANGE_LOOP_ANALYSIS = YES;
				CLANG_WARN_STRICT_PROTOTYPES = YES;
				CLANG_WARN_SUSPICIOUS_MOVE = YES;
				CLANG_WARN_UNGUARDED_AVAILABILITY = YES_AGGRESSIVE;
				CLANG_WARN_UNREACHABLE_CODE = YES;
				CLANG_WARN__DUPLICATE_METHOD_MATCH = YES;
				COPY_PHASE_STRIP = NO;
				DEBUG_INFORMATION_FORMAT = dwarf;
				ENABLE_STRICT_OBJC_MSGSEND = YES;
				ENABLE_TESTABILITY = YES;
				ENABLE_USER_SCRIPT_SANDBOXING = YES;
				GCC_C_LANGUAGE_STANDARD = gnu17;
				GCC_DYNAMIC_NO_PIC = NO;
				GCC_NO_COMMON_BLOCKS = YES;
				GCC_OPTIMIZATION_LEVEL = 0;
				GCC_PREPROCESSOR_DEFINITIONS = (
					"DEBUG=1",
					"$(inherited)",
				);
				GCC_WARN_64_TO_32_BIT_CONVERSION = YES;
				GCC_WARN_ABOUT_RETURN_TYPE = YES_ERROR;
				GCC_WARN_UNDECLARED_SELECTOR = YES;
				GCC_WARN_UNINITIALIZED_AUTOS = YES_AGGRESSIVE;
				GCC_WARN_UNUSED_FUNCTION = YES;
				GCC_WARN_UNUSED_VARIABLE = YES;
				IPHONEOS_DEPLOYMENT_TARGET = 18.0;
				LOCALIZATION_PREFERS_STRING_CATALOGS = YES;
				MTL_ENABLE_DEBUG_INFO = INCLUDE_SOURCE;
				MTL_FAST_MATH = YES;
				ONLY_ACTIVE_ARCH = YES;
				SDKROOT = iphoneos;
				SWIFT_ACTIVE_COMPILATION_CONDITIONS = "DEBUG $(inherited)";
				SWIFT_OPTIMIZATION_LEVEL = "-Onone";
			};
			name = Debug;
		};
		31AC0A062CA13C9800165426 /* Release */ = {
			isa = XCBuildConfiguration;
			buildSettings = {
				ALWAYS_SEARCH_USER_PATHS = NO;
				ASSETCATALOG_COMPILER_GENERATE_SWIFT_ASSET_SYMBOL_EXTENSIONS = YES;
				CLANG_ANALYZER_NONNULL = YES;
				CLANG_ANALYZER_NUMBER_OBJECT_CONVERSION = YES_AGGRESSIVE;
				CLANG_CXX_LANGUAGE_STANDARD = "gnu++20";
				CLANG_ENABLE_MODULES = YES;
				CLANG_ENABLE_OBJC_ARC = YES;
				CLANG_ENABLE_OBJC_WEAK = YES;
				CLANG_WARN_BLOCK_CAPTURE_AUTORELEASING = YES;
				CLANG_WARN_BOOL_CONVERSION = YES;
				CLANG_WARN_COMMA = YES;
				CLANG_WARN_CONSTANT_CONVERSION = YES;
				CLANG_WARN_DEPRECATED_OBJC_IMPLEMENTATIONS = YES;
				CLANG_WARN_DIRECT_OBJC_ISA_USAGE = YES_ERROR;
				CLANG_WARN_DOCUMENTATION_COMMENTS = YES;
				CLANG_WARN_EMPTY_BODY = YES;
				CLANG_WARN_ENUM_CONVERSION = YES;
				CLANG_WARN_INFINITE_RECURSION = YES;
				CLANG_WARN_INT_CONVERSION = YES;
				CLANG_WARN_NON_LITERAL_NULL_CONVERSION = YES;
				CLANG_WARN_OBJC_IMPLICIT_RETAIN_SELF = YES;
				CLANG_WARN_OBJC_LITERAL_CONVERSION = YES;
				CLANG_WARN_OBJC_ROOT_CLASS = YES_ERROR;
				CLANG_WARN_QUOTED_INCLUDE_IN_FRAMEWORK_HEADER = YES;
				CLANG_WARN_RANGE_LOOP_ANALYSIS = YES;
				CLANG_WARN_STRICT_PROTOTYPES = YES;
				CLANG_WARN_SUSPICIOUS_MOVE = YES;
				CLANG_WARN_UNGUARDED_AVAILABILITY = YES_AGGRESSIVE;
				CLANG_WARN_UNREACHABLE_CODE = YES;
				CLANG_WARN__DUPLICATE_METHOD_MATCH = YES;
				COPY_PHASE_STRIP = NO;
				DEBUG_INFORMATION_FORMAT = "dwarf-with-dsym";
				ENABLE_NS_ASSERTIONS = NO;
				ENABLE_STRICT_OBJC_MSGSEND = YES;
				ENABLE_USER_SCRIPT_SANDBOXING = YES;
				GCC_C_LANGUAGE_STANDARD = gnu17;
				GCC_NO_COMMON_BLOCKS = YES;
				GCC_WARN_64_TO_32_BIT_CONVERSION = YES;
				GCC_WARN_ABOUT_RETURN_TYPE = YES_ERROR;
				GCC_WARN_UNDECLARED_SELECTOR = YES;
				GCC_WARN_UNINITIALIZED_AUTOS = YES_AGGRESSIVE;
				GCC_WARN_UNUSED_FUNCTION = YES;
				GCC_WARN_UNUSED_VARIABLE = YES;
				IPHONEOS_DEPLOYMENT_TARGET = 18.0;
				LOCALIZATION_PREFERS_STRING_CATALOGS = YES;
				MTL_ENABLE_DEBUG_INFO = NO;
				MTL_FAST_MATH = YES;
				SDKROOT = iphoneos;
				SWIFT_COMPILATION_MODE = wholemodule;
				VALIDATE_PRODUCT = YES;
			};
			name = Release;
		};
		31AC0A082CA13C9800165426 /* Debug */ = {
			isa = XCBuildConfiguration;
			buildSettings = {
				ASSETCATALOG_COMPILER_APPICON_NAME = AppIcon;
				ASSETCATALOG_COMPILER_GLOBAL_ACCENT_COLOR_NAME = AccentColor;
				CODE_SIGN_STYLE = Automatic;
				CURRENT_PROJECT_VERSION = 1;
				DEVELOPMENT_ASSET_PATHS = "\"ExpenseTracker/Preview Content\"";
				ENABLE_PREVIEWS = YES;
				GENERATE_INFOPLIST_FILE = YES;
				INFOPLIST_KEY_UIApplicationSceneManifest_Generation = YES;
				INFOPLIST_KEY_UIApplicationSupportsIndirectInputEvents = YES;
				INFOPLIST_KEY_UILaunchScreen_Generation = YES;
				INFOPLIST_KEY_UISupportedInterfaceOrientations_iPad = "UIInterfaceOrientationPortrait UIInterfaceOrientationPortraitUpsideDown UIInterfaceOrientationLandscapeLeft UIInterfaceOrientationLandscapeRight";
				INFOPLIST_KEY_UISupportedInterfaceOrientations_iPhone = "UIInterfaceOrientationPortrait UIInterfaceOrientationLandscapeLeft UIInterfaceOrientationLandscapeRight";
				LD_RUNPATH_SEARCH_PATHS = (
					"$(inherited)",
					"@executable_path/Frameworks",
				);
				MARKETING_VERSION = 1.0;
				PRODUCT_BUNDLE_IDENTIFIER = "Hatice-Cigdem-Karaca.ExpenseTracker";
				PRODUCT_NAME = "$(TARGET_NAME)";
				SWIFT_EMIT_LOC_STRINGS = YES;
				SWIFT_VERSION = 5.0;
				TARGETED_DEVICE_FAMILY = "1,2";
			};
			name = Debug;
		};
		31AC0A092CA13C9800165426 /* Release */ = {
			isa = XCBuildConfiguration;
			buildSettings = {
				ASSETCATALOG_COMPILER_APPICON_NAME = AppIcon;
				ASSETCATALOG_COMPILER_GLOBAL_ACCENT_COLOR_NAME = AccentColor;
				CODE_SIGN_STYLE = Automatic;
				CURRENT_PROJECT_VERSION = 1;
				DEVELOPMENT_ASSET_PATHS = "\"ExpenseTracker/Preview Content\"";
				ENABLE_PREVIEWS = YES;
				GENERATE_INFOPLIST_FILE = YES;
				INFOPLIST_KEY_UIApplicationSceneManifest_Generation = YES;
				INFOPLIST_KEY_UIApplicationSupportsIndirectInputEvents = YES;
				INFOPLIST_KEY_UILaunchScreen_Generation = YES;
				INFOPLIST_KEY_UISupportedInterfaceOrientations_iPad = "UIInterfaceOrientationPortrait UIInterfaceOrientationPortraitUpsideDown UIInterfaceOrientationLandscapeLeft UIInterfaceOrientationLandscapeRight";
				INFOPLIST_KEY_UISupportedInterfaceOrientations_iPhone = "UIInterfaceOrientationPortrait UIInterfaceOrientationLandscapeLeft UIInterfaceOrientationLandscapeRight";
				LD_RUNPATH_SEARCH_PATHS = (
					"$(inherited)",
					"@executable_path/Frameworks",
				);
				MARKETING_VERSION = 1.0;
				PRODUCT_BUNDLE_IDENTIFIER = "Hatice-Cigdem-Karaca.ExpenseTracker";
				PRODUCT_NAME = "$(TARGET_NAME)";
				SWIFT_EMIT_LOC_STRINGS = YES;
				SWIFT_VERSION = 5.0;
				TARGETED_DEVICE_FAMILY = "1,2";
			};
			name = Release;
		};
/* End XCBuildConfiguration section */

/* Begin XCConfigurationList section */
		31AC09F42CA13C9600165426 /* Build configuration list for PBXProject "ExpenseTracker" */ = {
			isa = XCConfigurationList;
			buildConfigurations = (
				31AC0A052CA13C9800165426 /* Debug */,
				31AC0A062CA13C9800165426 /* Release */,
			);
			defaultConfigurationIsVisible = 0;
			defaultConfigurationName = Release;
		};
		31AC0A072CA13C9800165426 /* Build configuration list for PBXNativeTarget "ExpenseTracker" */ = {
			isa = XCConfigurationList;
			buildConfigurations = (
				31AC0A082CA13C9800165426 /* Debug */,
				31AC0A092CA13C9800165426 /* Release */,
			);
			defaultConfigurationIsVisible = 0;
			defaultConfigurationName = Release;
		};
/* End XCConfigurationList section */
	};
	rootObject = 31AC09F12CA13C9600165426 /* Project object */;
}
